<?xml version="1.0" encoding="utf-8"?>
<Project ToolsVersion="4.0" xmlns="http://schemas.microsoft.com/developer/msbuild/2003">
  <ItemGroup>
    <ClCompile Include="AIManager.cpp" />
    <ClCompile Include="PickupItem.cpp" />
    <ClCompile Include="Vehicle.cpp" />
    <ClCompile Include="Waypoint.cpp" />
    <ClCompile Include="DDSTextureLoader.cpp">
      <Filter>Core %28do not edit%29</Filter>
    </ClCompile>
    <ClCompile Include="Background.cpp">
      <Filter>Core %28do not edit%29</Filter>
    </ClCompile>
    <ClCompile Include="WaypointManager.cpp" />
    <ClCompile Include="DrawableGameObject.cpp">
      <Filter>Core %28do not edit%29</Filter>
    </ClCompile>
    <ClCompile Include="main.cpp">
      <Filter>Core %28do not edit%29</Filter>
    </ClCompile>
    <ClCompile Include="Collidable.cpp" />
    <ClCompile Include="CollisionHelper.cpp" />
    <ClCompile Include="Debug.cpp" />
    <ClCompile Include="MovementManager.cpp" />
    <ClCompile Include="StateManager.cpp">
      <Filter>State Machine</Filter>
    </ClCompile>
    <ClCompile Include="ArriveToTarget.cpp">
      <Filter>State Machine\Vehicle States</Filter>
    </ClCompile>
    <ClCompile Include="Wander.cpp">
      <Filter>State Machine\Vehicle States</Filter>
    </ClCompile>
    <ClCompile Include="Follow.cpp">
      <Filter>State Machine\Vehicle States</Filter>
    </ClCompile>
    <ClCompile Include="Flee.cpp">
      <Filter>State Machine\Vehicle States</Filter>
    </ClCompile>
    <ClCompile Include="Seek.cpp">
      <Filter>State Machine\Vehicle States</Filter>
    </ClCompile>
    <ClCompile Include="Pursue.cpp">
      <Filter>State Machine\Vehicle States</Filter>
    </ClCompile>
    <ClCompile Include="ArriveAndAvoid.cpp">
      <Filter>State Machine\Vehicle States</Filter>
    </ClCompile>
    <ClCompile Include="Navigation.cpp">
      <Filter>State Machine\Vehicle States</Filter>
    </ClCompile>
  </ItemGroup>
  <ItemGroup>
    <ClInclude Include="AIManager.h" />
    <ClInclude Include="PickupItem.h" />
    <ClInclude Include="Vehicle.h" />
    <ClInclude Include="Waypoint.h" />
    <ClInclude Include="DDSTextureLoader.h">
      <Filter>Core %28do not edit%29</Filter>
    </ClInclude>
    <ClInclude Include="Background.h">
      <Filter>Core %28do not edit%29</Filter>
    </ClInclude>
    <CLInclude Include="resource.h">
      <Filter>Core %28do not edit%29</Filter>
    </CLInclude>
    <ClInclude Include="WaypointManager.h" />
    <ClInclude Include="DrawableGameObject.h">
      <Filter>Core %28do not edit%29</Filter>
    </ClInclude>
    <ClInclude Include="main.h">
      <Filter>Core %28do not edit%29</Filter>
    </ClInclude>
    <ClInclude Include="structures.h">
      <Filter>Core %28do not edit%29</Filter>
    </ClInclude>
    <ClInclude Include="Vector2D.h">
      <Filter>Core %28do not edit%29</Filter>
    </ClInclude>
    <ClInclude Include="Collidable.h" />
    <ClInclude Include="constants.h">
      <Filter>Core %28do not edit%29</Filter>
    </ClInclude>
    <ClInclude Include="CollisionHelper.h" />
    <ClInclude Include="Debug.h" />
    <ClInclude Include="MovementManager.h" />
    <ClInclude Include="StateManager.h">
      <Filter>State Machine</Filter>
    </ClInclude>
    <ClInclude Include="State.h">
      <Filter>State Machine</Filter>
    </ClInclude>
    <ClInclude Include="ArriveToTarget.h">
      <Filter>State Machine\Vehicle States</Filter>
    </ClInclude>
    <ClInclude Include="StateList.h">
      <Filter>State Machine</Filter>
    </ClInclude>
    <ClInclude Include="Wander.h">
      <Filter>State Machine\Vehicle States</Filter>
    </ClInclude>
    <ClInclude Include="Follow.h">
      <Filter>State Machine\Vehicle States</Filter>
    </ClInclude>
    <ClInclude Include="Flee.h">
      <Filter>State Machine\Vehicle States</Filter>
    </ClInclude>
    <ClInclude Include="Seek.h">
      <Filter>State Machine\Vehicle States</Filter>
    </ClInclude>
    <ClInclude Include="Pursue.h">
      <Filter>State Machine\Vehicle States</Filter>
    </ClInclude>
    <ClInclude Include="ArriveAndAvoid.h">
      <Filter>State Machine\Vehicle States</Filter>
    </ClInclude>
    <ClInclude Include="Navigation.h">
      <Filter>State Machine\Vehicle States</Filter>
    </ClInclude>
  </ItemGroup>
  <ItemGroup>
    <Image Include="Resources\blue.dds">
      <Filter>Assets</Filter>
    </Image>
    <Image Include="Resources\car_blue.dds">
      <Filter>Assets</Filter>
    </Image>
    <Image Include="Resources\floor.dds">
      <Filter>Assets</Filter>
    </Image>
    <Image Include="Resources\green.dds">
      <Filter>Assets</Filter>
    </Image>
    <Image Include="Resources\pickup_speedboost.dds">
      <Filter>Assets</Filter>
    </Image>
    <Image Include="Resources\red.dds">
      <Filter>Assets</Filter>
    </Image>
    <Image Include="Resources\yellow.dds">
      <Filter>Assets</Filter>
    </Image>
    <Image Include="Resources\map.dds">
      <Filter>Assets</Filter>
    </Image>
    <Image Include="Resources\car_red.dds">
      <Filter>Assets</Filter>
    </Image>
    <Image Include="Resources\pickup_fuel.dds">
      <Filter>Assets</Filter>
    </Image>
    <Image Include="Resources\pickup_passenger.dds">
      <Filter>Assets</Filter>
    </Image>
  </ItemGroup>
  <ItemGroup>
    <Filter Include="Assets">
      <UniqueIdentifier>{d76346de-be36-4e73-9e20-c041620ff0d1}</UniqueIdentifier>
    </Filter>
    <Filter Include="Core %28do not edit%29">
      <UniqueIdentifier>{c721d74b-61d3-4ae0-9d17-be739d070a1c}</UniqueIdentifier>
    </Filter>
    <Filter Include="State Machine">
      <UniqueIdentifier>{d77dc4e6-4f59-4d39-b406-74a5b0e7095f}</UniqueIdentifier>
    </Filter>
    <Filter Include="State Machine\Vehicle States">
      <UniqueIdentifier>{8f7f3c38-d5fa-4c56-b5d8-fd22bfb35504}</UniqueIdentifier>
    </Filter>
  </ItemGroup>
  <ItemGroup>
    <FxCompile Include="shader.fx">
      <Filter>Assets</Filter>
    </FxCompile>
  </ItemGroup>
  <ItemGroup>
    <ResourceCompile Include="AIFramework.rc">
      <Filter>Core %28do not edit%29</Filter>
    </ResourceCompile>
  </ItemGroup>
  <ItemGroup>
    <Text Include="Resources\waypoints.txt">
      <Filter>Assets</Filter>
    </Text>
  </ItemGroup>
</Project>